
Microsoft Visual Studio Solution File, Format Version 12.00
# Visual Studio Version 16
VisualStudioVersion = 16.0.31112.23
MinimumVisualStudioVersion = 10.0.40219.1
Project("{FAE04EC0-301F-11D3-BF4B-00C04F79EFBC}") = "RegisterApi", "RegisterApi.csproj", "{B1EE1E60-0A9F-4C88-97ED-652B89065EDD}"
EndProject
Global
	GlobalSection(SolutionConfigurationPlatforms) = preSolution
		Debug|Any CPU = Debug|Any CPU
		Release|Any CPU = Release|Any CPU
	EndGlobalSection
	GlobalSection(ProjectConfigurationPlatforms) = postSolution
		{B1EE1E60-0A9F-4C88-97ED-652B89065EDD}.Debug|Any CPU.ActiveCfg = Debug|Any CPU
		{B1EE1E60-0A9F-4C88-97ED-652B89065EDD}.Debug|Any CPU.Build.0 = Debug|Any CPU
		{B1EE1E60-0A9F-4C88-97ED-652B89065EDD}.Release|Any CPU.ActiveCfg = Release|Any CPU
		{B1EE1E60-0A9F-4C88-97ED-652B89065EDD}.Release|Any CPU.Build.0 = Release|Any CPU
	EndGlobalSection
	GlobalSection(SolutionProperties) = preSolution
		HideSolutionNode = FALSE
	EndGlobalSection
	GlobalSection(ExtensibilityGlobals) = postSolution
		SolutionGuid = {2CCB7197-A4A7-4210-B290-BFE839856E08}
	EndGlobalSection
EndGlobal
