
Microsoft Visual Studio Solution File, Format Version 12.00
# Visual Studio Version 16
VisualStudioVersion = 16.0.31112.23
MinimumVisualStudioVersion = 10.0.40219.1
Project("{FAE04EC0-301F-11D3-BF4B-00C04F79EFBC}") = "GetTrainAPI", "GetTrainAPI.csproj", "{9CEFB47F-1C15-4C7A-9609-52FEA7DCB521}"
EndProject
Global
	GlobalSection(SolutionConfigurationPlatforms) = preSolution
		Debug|Any CPU = Debug|Any CPU
		Release|Any CPU = Release|Any CPU
	EndGlobalSection
	GlobalSection(ProjectConfigurationPlatforms) = postSolution
		{9CEFB47F-1C15-4C7A-9609-52FEA7DCB521}.Debug|Any CPU.ActiveCfg = Debug|Any CPU
		{9CEFB47F-1C15-4C7A-9609-52FEA7DCB521}.Debug|Any CPU.Build.0 = Debug|Any CPU
		{9CEFB47F-1C15-4C7A-9609-52FEA7DCB521}.Release|Any CPU.ActiveCfg = Release|Any CPU
		{9CEFB47F-1C15-4C7A-9609-52FEA7DCB521}.Release|Any CPU.Build.0 = Release|Any CPU
	EndGlobalSection
	GlobalSection(SolutionProperties) = preSolution
		HideSolutionNode = FALSE
	EndGlobalSection
	GlobalSection(ExtensibilityGlobals) = postSolution
		SolutionGuid = {4EB80D2B-23DD-4A6A-B68D-1EA8D8EA638F}
	EndGlobalSection
EndGlobal
